lockfileVersion: '9.0'

settings:
  autoInstallPeers: true
  excludeLinksFromLockfile: false

importers:

  .:
    dependencies:
      '@date-fns/tz':
        specifier: ^1.4.1
        version: 1.4.1
      '@openpanel/nextjs':
        specifier: ^1.0.8
        version: 1.0.8(next@15.5.3(react-dom@19.1.1(react@19.1.1))(react@19.1.1)(sass@1.93.0))(react-dom@19.1.1(react@19.1.1))(react@19.1.1)
      atropos:
        specifier: ^2.0.2
        version: 2.0.2
      bootstrap:
        specifier: ^5.3.8
        version: 5.3.8(@popperjs/core@2.11.8)
      date-fns:
        specifier: ^4.1.0
        version: 4.1.0
      inter-ui:
        specifier: ^4.1.1
        version: 4.1.1
      jotai:
        specifier: ^2.14.0
        version: 2.14.0(@types/react@19.1.13)(react@19.1.1)
      lodash:
        specifier: ^4.17.21
        version: 4.17.21
      next:
        specifier: 15.5.3
        version: 15.5.3(react-dom@19.1.1(react@19.1.1))(react@19.1.1)(sass@1.93.0)
      next-themes:
        specifier: ^0.4.6
        version: 0.4.6(react-dom@19.1.1(react@19.1.1))(react@19.1.1)
      normalize.css:
        specifier: ^8.0.1
        version: 8.0.1
      react:
        specifier: 19.1.1
        version: 19.1.1
      react-dom:
        specifier: 19.1.1
        version: 19.1.1(react@19.1.1)
      simple-icons-font:
        specifier: ^15.15.0
        version: 15.15.0
      zod:
        specifier: ^4.1.11
        version: 4.1.11
    devDependencies:
      '@types/lodash':
        specifier: ^4.17.20
        version: 4.17.20
      '@types/node':
        specifier: ^24.5.2
        version: 24.5.2
      '@types/react':
        specifier: ^19.1.13
        version: 19.1.13
      '@types/react-dom':
        specifier: ^19.1.9
        version: 19.1.9(@types/react@19.1.13)
      prettier:
        specifier: ^3.6.2
        version: 3.6.2
      sass:
        specifier: ^1.93.0
        version: 1.93.0
      typescript:
        specifier: ^5
        version: 5.9.2

packages:

  '@date-fns/tz@1.4.1':
    resolution: {integrity: sha512-P5LUNhtbj6YfI3iJjw5EL9eUAG6OitD0W3fWQcpQjDRc/QIsL0tRNuO1PcDvPccWL1fSTXXdE1ds+l95DV/OFA==}

  '@emnapi/runtime@1.5.0':
    resolution: {integrity: sha512-97/BJ3iXHww3djw6hYIfErCZFee7qCtrneuLa20UXFCOTCfBM2cvQHjWJ2EG0s0MtdNwInarqCTz35i4wWXHsQ==}

  '@img/colour@1.0.0':
    resolution: {integrity: sha512-A5P/LfWGFSl6nsckYtjw9da+19jB8hkJ6ACTGcDfEJ0aE+l2n2El7dsVM7UVHZQ9s2lmYMWlrS21YLy2IR1LUw==}
    engines: {node: '>=18'}

  '@img/sharp-darwin-arm64@0.34.4':
    resolution: {integrity: sha512-sitdlPzDVyvmINUdJle3TNHl+AG9QcwiAMsXmccqsCOMZNIdW2/7S26w0LyU8euiLVzFBL3dXPwVCq/ODnf2vA==}
    engines: {node: ^18.17.0 || ^20.3.0 || >=21.0.0}
    cpu: [arm64]
    os: [darwin]

  '@img/sharp-darwin-x64@0.34.4':
    resolution: {integrity: sha512-rZheupWIoa3+SOdF/IcUe1ah4ZDpKBGWcsPX6MT0lYniH9micvIU7HQkYTfrx5Xi8u+YqwLtxC/3vl8TQN6rMg==}
    engines: {node: ^18.17.0 || ^20.3.0 || >=21.0.0}
    cpu: [x64]
    os: [darwin]

  '@img/sharp-libvips-darwin-arm64@1.2.3':
    resolution: {integrity: sha512-QzWAKo7kpHxbuHqUC28DZ9pIKpSi2ts2OJnoIGI26+HMgq92ZZ4vk8iJd4XsxN+tYfNJxzH6W62X5eTcsBymHw==}
    cpu: [arm64]
    os: [darwin]

  '@img/sharp-libvips-darwin-x64@1.2.3':
    resolution: {integrity: sha512-Ju+g2xn1E2AKO6YBhxjj+ACcsPQRHT0bhpglxcEf+3uyPY+/gL8veniKoo96335ZaPo03bdDXMv0t+BBFAbmRA==}
    cpu: [x64]
    os: [darwin]

  '@img/sharp-libvips-linux-arm64@1.2.3':
    resolution: {integrity: sha512-I4RxkXU90cpufazhGPyVujYwfIm9Nk1QDEmiIsaPwdnm013F7RIceaCc87kAH+oUB1ezqEvC6ga4m7MSlqsJvQ==}
    cpu: [arm64]
    os: [linux]

  '@img/sharp-libvips-linux-arm@1.2.3':
    resolution: {integrity: sha512-x1uE93lyP6wEwGvgAIV0gP6zmaL/a0tGzJs/BIDDG0zeBhMnuUPm7ptxGhUbcGs4okDJrk4nxgrmxpib9g6HpA==}
    cpu: [arm]
    os: [linux]

  '@img/sharp-libvips-linux-ppc64@1.2.3':
    resolution: {integrity: sha512-Y2T7IsQvJLMCBM+pmPbM3bKT/yYJvVtLJGfCs4Sp95SjvnFIjynbjzsa7dY1fRJX45FTSfDksbTp6AGWudiyCg==}
    cpu: [ppc64]
    os: [linux]

  '@img/sharp-libvips-linux-s390x@1.2.3':
    resolution: {integrity: sha512-RgWrs/gVU7f+K7P+KeHFaBAJlNkD1nIZuVXdQv6S+fNA6syCcoboNjsV2Pou7zNlVdNQoQUpQTk8SWDHUA3y/w==}
    cpu: [s390x]
    os: [linux]

  '@img/sharp-libvips-linux-x64@1.2.3':
    resolution: {integrity: sha512-3JU7LmR85K6bBiRzSUc/Ff9JBVIFVvq6bomKE0e63UXGeRw2HPVEjoJke1Yx+iU4rL7/7kUjES4dZ/81Qjhyxg==}
    cpu: [x64]
    os: [linux]

  '@img/sharp-libvips-linuxmusl-arm64@1.2.3':
    resolution: {integrity: sha512-F9q83RZ8yaCwENw1GieztSfj5msz7GGykG/BA+MOUefvER69K/ubgFHNeSyUu64amHIYKGDs4sRCMzXVj8sEyw==}
    cpu: [arm64]
    os: [linux]

  '@img/sharp-libvips-linuxmusl-x64@1.2.3':
    resolution: {integrity: sha512-U5PUY5jbc45ANM6tSJpsgqmBF/VsL6LnxJmIf11kB7J5DctHgqm0SkuXzVWtIY90GnJxKnC/JT251TDnk1fu/g==}
    cpu: [x64]
    os: [linux]

  '@img/sharp-linux-arm64@0.34.4':
    resolution: {integrity: sha512-YXU1F/mN/Wu786tl72CyJjP/Ngl8mGHN1hST4BGl+hiW5jhCnV2uRVTNOcaYPs73NeT/H8Upm3y9582JVuZHrQ==}
    engines: {node: ^18.17.0 || ^20.3.0 || >=21.0.0}
    cpu: [arm64]
    os: [linux]

  '@img/sharp-linux-arm@0.34.4':
    resolution: {integrity: sha512-Xyam4mlqM0KkTHYVSuc6wXRmM7LGN0P12li03jAnZ3EJWZqj83+hi8Y9UxZUbxsgsK1qOEwg7O0Bc0LjqQVtxA==}
    engines: {node: ^18.17.0 || ^20.3.0 || >=21.0.0}
    cpu: [arm]
    os: [linux]

  '@img/sharp-linux-ppc64@0.34.4':
    resolution: {integrity: sha512-F4PDtF4Cy8L8hXA2p3TO6s4aDt93v+LKmpcYFLAVdkkD3hSxZzee0rh6/+94FpAynsuMpLX5h+LRsSG3rIciUQ==}
    engines: {node: ^18.17.0 || ^20.3.0 || >=21.0.0}
    cpu: [ppc64]
    os: [linux]

  '@img/sharp-linux-s390x@0.34.4':
    resolution: {integrity: sha512-qVrZKE9Bsnzy+myf7lFKvng6bQzhNUAYcVORq2P7bDlvmF6u2sCmK2KyEQEBdYk+u3T01pVsPrkj943T1aJAsw==}
    engines: {node: ^18.17.0 || ^20.3.0 || >=21.0.0}
    cpu: [s390x]
    os: [linux]

  '@img/sharp-linux-x64@0.34.4':
    resolution: {integrity: sha512-ZfGtcp2xS51iG79c6Vhw9CWqQC8l2Ot8dygxoDoIQPTat/Ov3qAa8qpxSrtAEAJW+UjTXc4yxCjNfxm4h6Xm2A==}
    engines: {node: ^18.17.0 || ^20.3.0 || >=21.0.0}
    cpu: [x64]
    os: [linux]

  '@img/sharp-linuxmusl-arm64@0.34.4':
    resolution: {integrity: sha512-8hDVvW9eu4yHWnjaOOR8kHVrew1iIX+MUgwxSuH2XyYeNRtLUe4VNioSqbNkB7ZYQJj9rUTT4PyRscyk2PXFKA==}
    engines: {node: ^18.17.0 || ^20.3.0 || >=21.0.0}
    cpu: [arm64]
    os: [linux]

  '@img/sharp-linuxmusl-x64@0.34.4':
    resolution: {integrity: sha512-lU0aA5L8QTlfKjpDCEFOZsTYGn3AEiO6db8W5aQDxj0nQkVrZWmN3ZP9sYKWJdtq3PWPhUNlqehWyXpYDcI9Sg==}
    engines: {node: ^18.17.0 || ^20.3.0 || >=21.0.0}
    cpu: [x64]
    os: [linux]

  '@img/sharp-wasm32@0.34.4':
    resolution: {integrity: sha512-33QL6ZO/qpRyG7woB/HUALz28WnTMI2W1jgX3Nu2bypqLIKx/QKMILLJzJjI+SIbvXdG9fUnmrxR7vbi1sTBeA==}
    engines: {node: ^18.17.0 || ^20.3.0 || >=21.0.0}
    cpu: [wasm32]

  '@img/sharp-win32-arm64@0.34.4':
    resolution: {integrity: sha512-2Q250do/5WXTwxW3zjsEuMSv5sUU4Tq9VThWKlU2EYLm4MB7ZeMwF+SFJutldYODXF6jzc6YEOC+VfX0SZQPqA==}
    engines: {node: ^18.17.0 || ^20.3.0 || >=21.0.0}
    cpu: [arm64]
    os: [win32]

  '@img/sharp-win32-ia32@0.34.4':
    resolution: {integrity: sha512-3ZeLue5V82dT92CNL6rsal6I2weKw1cYu+rGKm8fOCCtJTR2gYeUfY3FqUnIJsMUPIH68oS5jmZ0NiJ508YpEw==}
    engines: {node: ^18.17.0 || ^20.3.0 || >=21.0.0}
    cpu: [ia32]
    os: [win32]

  '@img/sharp-win32-x64@0.34.4':
    resolution: {integrity: sha512-xIyj4wpYs8J18sVN3mSQjwrw7fKUqRw+Z5rnHNCy5fYTxigBz81u5mOMPmFumwjcn8+ld1ppptMBCLic1nz6ig==}
    engines: {node: ^18.17.0 || ^20.3.0 || >=21.0.0}
    cpu: [x64]
    os: [win32]

  '@next/env@15.5.3':
    resolution: {integrity: sha512-RSEDTRqyihYXygx/OJXwvVupfr9m04+0vH8vyy0HfZ7keRto6VX9BbEk0J2PUk0VGy6YhklJUSrgForov5F9pw==}

  '@next/swc-darwin-arm64@15.5.3':
    resolution: {integrity: sha512-nzbHQo69+au9wJkGKTU9lP7PXv0d1J5ljFpvb+LnEomLtSbJkbZyEs6sbF3plQmiOB2l9OBtN2tNSvCH1nQ9Jg==}
    engines: {node: '>= 10'}
    cpu: [arm64]
    os: [darwin]

  '@next/swc-darwin-x64@15.5.3':
    resolution: {integrity: sha512-w83w4SkOOhekJOcA5HBvHyGzgV1W/XvOfpkrxIse4uPWhYTTRwtGEM4v/jiXwNSJvfRvah0H8/uTLBKRXlef8g==}
    engines: {node: '>= 10'}
    cpu: [x64]
    os: [darwin]

  '@next/swc-linux-arm64-gnu@15.5.3':
    resolution: {integrity: sha512-+m7pfIs0/yvgVu26ieaKrifV8C8yiLe7jVp9SpcIzg7XmyyNE7toC1fy5IOQozmr6kWl/JONC51osih2RyoXRw==}
    engines: {node: '>= 10'}
    cpu: [arm64]
    os: [linux]

  '@next/swc-linux-arm64-musl@15.5.3':
    resolution: {integrity: sha512-u3PEIzuguSenoZviZJahNLgCexGFhso5mxWCrrIMdvpZn6lkME5vc/ADZG8UUk5K1uWRy4hqSFECrON6UKQBbQ==}
    engines: {node: '>= 10'}
    cpu: [arm64]
    os: [linux]

  '@next/swc-linux-x64-gnu@15.5.3':
    resolution: {integrity: sha512-lDtOOScYDZxI2BENN9m0pfVPJDSuUkAD1YXSvlJF0DKwZt0WlA7T7o3wrcEr4Q+iHYGzEaVuZcsIbCps4K27sA==}
    engines: {node: '>= 10'}
    cpu: [x64]
    os: [linux]

  '@next/swc-linux-x64-musl@15.5.3':
    resolution: {integrity: sha512-9vWVUnsx9PrY2NwdVRJ4dUURAQ8Su0sLRPqcCCxtX5zIQUBES12eRVHq6b70bbfaVaxIDGJN2afHui0eDm+cLg==}
    engines: {node: '>= 10'}
    cpu: [x64]
    os: [linux]

  '@next/swc-win32-arm64-msvc@15.5.3':
    resolution: {integrity: sha512-1CU20FZzY9LFQigRi6jM45oJMU3KziA5/sSG+dXeVaTm661snQP6xu3ykGxxwU5sLG3sh14teO/IOEPVsQMRfA==}
    engines: {node: '>= 10'}
    cpu: [arm64]
    os: [win32]

  '@next/swc-win32-x64-msvc@15.5.3':
    resolution: {integrity: sha512-JMoLAq3n3y5tKXPQwCK5c+6tmwkuFDa2XAxz8Wm4+IVthdBZdZGh+lmiLUHg9f9IDwIQpUjp+ysd6OkYTyZRZw==}
    engines: {node: '>= 10'}
    cpu: [x64]
    os: [win32]

  '@openpanel/nextjs@1.0.8':
    resolution: {integrity: sha512-1y5T6ARQFysg1DjdLrepP/En7XPUQd1yShvSgC1bkW6k9cwW1v7fbRSCUHmRzhhCt0rs1FGUOuFFwpEF7GRvdA==}
    peerDependencies:
      next: ^12.0.0 || ^13.0.0 || ^14.0.0 || ^15.0.0
      react: ^16.8.0 || ^17.0.0 || ^18.0.0 || ^19.0.0
      react-dom: ^16.8.0 || ^17.0.0 || ^18.0.0 || ^19.0.0

  '@openpanel/sdk@1.0.0':
    resolution: {integrity: sha512-FNmmfjdXoC/VHEjA+WkrQ4lyM5lxEmV7xDd57uj4E+lIS0sU3DLG2mV/dpS8AscnZbUvuMn3kPhiLCqYzuv/gg==}

  '@openpanel/web@1.0.1':
    resolution: {integrity: sha512-cVZ7Kr9SicczJ/RDIfEtZs8+1iGDzwkabVA/j3NqSl8VSucsC8m1+LVbjmCDzCJNnK4yVn6tEcc9PJRi2rtllw==}

  '@parcel/watcher-android-arm64@2.5.1':
    resolution: {integrity: sha512-KF8+j9nNbUN8vzOFDpRMsaKBHZ/mcjEjMToVMJOhTozkDonQFFrRcfdLWn6yWKCmJKmdVxSgHiYvTCef4/qcBA==}
    engines: {node: '>= 10.0.0'}
    cpu: [arm64]
    os: [android]

  '@parcel/watcher-darwin-arm64@2.5.1':
    resolution: {integrity: sha512-eAzPv5osDmZyBhou8PoF4i6RQXAfeKL9tjb3QzYuccXFMQU0ruIc/POh30ePnaOyD1UXdlKguHBmsTs53tVoPw==}
    engines: {node: '>= 10.0.0'}
    cpu: [arm64]
    os: [darwin]

  '@parcel/watcher-darwin-x64@2.5.1':
    resolution: {integrity: sha512-1ZXDthrnNmwv10A0/3AJNZ9JGlzrF82i3gNQcWOzd7nJ8aj+ILyW1MTxVk35Db0u91oD5Nlk9MBiujMlwmeXZg==}
    engines: {node: '>= 10.0.0'}
    cpu: [x64]
    os: [darwin]

  '@parcel/watcher-freebsd-x64@2.5.1':
    resolution: {integrity: sha512-SI4eljM7Flp9yPuKi8W0ird8TI/JK6CSxju3NojVI6BjHsTyK7zxA9urjVjEKJ5MBYC+bLmMcbAWlZ+rFkLpJQ==}
    engines: {node: '>= 10.0.0'}
    cpu: [x64]
    os: [freebsd]

  '@parcel/watcher-linux-arm-glibc@2.5.1':
    resolution: {integrity: sha512-RCdZlEyTs8geyBkkcnPWvtXLY44BCeZKmGYRtSgtwwnHR4dxfHRG3gR99XdMEdQ7KeiDdasJwwvNSF5jKtDwdA==}
    engines: {node: '>= 10.0.0'}
    cpu: [arm]
    os: [linux]

  '@parcel/watcher-linux-arm-musl@2.5.1':
    resolution: {integrity: sha512-6E+m/Mm1t1yhB8X412stiKFG3XykmgdIOqhjWj+VL8oHkKABfu/gjFj8DvLrYVHSBNC+/u5PeNrujiSQ1zwd1Q==}
    engines: {node: '>= 10.0.0'}
    cpu: [arm]
    os: [linux]

  '@parcel/watcher-linux-arm64-glibc@2.5.1':
    resolution: {integrity: sha512-LrGp+f02yU3BN9A+DGuY3v3bmnFUggAITBGriZHUREfNEzZh/GO06FF5u2kx8x+GBEUYfyTGamol4j3m9ANe8w==}
    engines: {node: '>= 10.0.0'}
    cpu: [arm64]
    os: [linux]

  '@parcel/watcher-linux-arm64-musl@2.5.1':
    resolution: {integrity: sha512-cFOjABi92pMYRXS7AcQv9/M1YuKRw8SZniCDw0ssQb/noPkRzA+HBDkwmyOJYp5wXcsTrhxO0zq1U11cK9jsFg==}
    engines: {node: '>= 10.0.0'}
    cpu: [arm64]
    os: [linux]

  '@parcel/watcher-linux-x64-glibc@2.5.1':
    resolution: {integrity: sha512-GcESn8NZySmfwlTsIur+49yDqSny2IhPeZfXunQi48DMugKeZ7uy1FX83pO0X22sHntJ4Ub+9k34XQCX+oHt2A==}
    engines: {node: '>= 10.0.0'}
    cpu: [x64]
    os: [linux]

  '@parcel/watcher-linux-x64-musl@2.5.1':
    resolution: {integrity: sha512-n0E2EQbatQ3bXhcH2D1XIAANAcTZkQICBPVaxMeaCVBtOpBZpWJuf7LwyWPSBDITb7In8mqQgJ7gH8CILCURXg==}
    engines: {node: '>= 10.0.0'}
    cpu: [x64]
    os: [linux]

  '@parcel/watcher-win32-arm64@2.5.1':
    resolution: {integrity: sha512-RFzklRvmc3PkjKjry3hLF9wD7ppR4AKcWNzH7kXR7GUe0Igb3Nz8fyPwtZCSquGrhU5HhUNDr/mKBqj7tqA2Vw==}
    engines: {node: '>= 10.0.0'}
    cpu: [arm64]
    os: [win32]

  '@parcel/watcher-win32-ia32@2.5.1':
    resolution: {integrity: sha512-c2KkcVN+NJmuA7CGlaGD1qJh1cLfDnQsHjE89E60vUEMlqduHGCdCLJCID5geFVM0dOtA3ZiIO8BoEQmzQVfpQ==}
    engines: {node: '>= 10.0.0'}
    cpu: [ia32]
    os: [win32]

  '@parcel/watcher-win32-x64@2.5.1':
    resolution: {integrity: sha512-9lHBdJITeNR++EvSQVUcaZoWupyHfXe1jZvGZ06O/5MflPcuPLtEphScIBL+AiCWBO46tDSHzWyD0uDmmZqsgA==}
    engines: {node: '>= 10.0.0'}
    cpu: [x64]
    os: [win32]

  '@parcel/watcher@2.5.1':
    resolution: {integrity: sha512-dfUnCxiN9H4ap84DvD2ubjw+3vUNpstxa0TneY/Paat8a3R4uQZDLSvWjmznAY/DoahqTHl9V46HF/Zs3F29pg==}
    engines: {node: '>= 10.0.0'}

  '@popperjs/core@2.11.8':
    resolution: {integrity: sha512-P1st0aksCrn9sGZhp8GMYwBnQsbvAWsZAX44oXNNvLHGqAOcoVxmjZiohstwQ7SqKnbR47akdNi+uleWD8+g6A==}

  '@swc/helpers@0.5.15':
    resolution: {integrity: sha512-JQ5TuMi45Owi4/BIMAJBoSQoOJu12oOk/gADqlcUL9JEdHB8vyjUSsxqeNXnmXHjYKMi2WcYtezGEEhqUI/E2g==}

  '@types/lodash@4.17.20':
    resolution: {integrity: sha512-H3MHACvFUEiujabxhaI/ImO6gUrd8oOurg7LQtS7mbwIXA/cUqWrvBsaeJ23aZEPk1TAYkurjfMbSELfoCXlGA==}

  '@types/node@24.5.2':
    resolution: {integrity: sha512-FYxk1I7wPv3K2XBaoyH2cTnocQEu8AOZ60hPbsyukMPLv5/5qr7V1i8PLHdl6Zf87I+xZXFvPCXYjiTFq+YSDQ==}

  '@types/react-dom@19.1.9':
    resolution: {integrity: sha512-qXRuZaOsAdXKFyOhRBg6Lqqc0yay13vN7KrIg4L7N4aaHN68ma9OK3NE1BoDFgFOTfM7zg+3/8+2n8rLUH3OKQ==}
    peerDependencies:
      '@types/react': ^19.0.0

  '@types/react@19.1.13':
    resolution: {integrity: sha512-hHkbU/eoO3EG5/MZkuFSKmYqPbSVk5byPFa3e7y/8TybHiLMACgI8seVYlicwk7H5K/rI2px9xrQp/C+AUDTiQ==}

  atropos@2.0.2:
    resolution: {integrity: sha512-8f0u0hEOlBTWTSvzY17TcHuQjxUIpkTBq70/I4+UF5B43ORtOoRjm8TPBYEgLM8Ba9AWf6PDtkagbYoybdjaKg==}
    engines: {node: '>= 12.0.0'}

  bootstrap@5.3.8:
    resolution: {integrity: sha512-HP1SZDqaLDPwsNiqRqi5NcP0SSXciX2s9E+RyqJIIqGo+vJeN5AJVM98CXmW/Wux0nQ5L7jeWUdplCEf0Ee+tg==}
    peerDependencies:
      '@popperjs/core': ^2.11.8

  braces@3.0.3:
    resolution: {integrity: sha512-yQbXgO/OSZVD2IsiLlro+7Hf6Q18EJrKSEsdoMzKePKXct3gvD8oLcOQdIzGupr5Fj+EDe8gO/lxc1BzfMpxvA==}
    engines: {node: '>=8'}

  caniuse-lite@1.0.30001743:
    resolution: {integrity: sha512-e6Ojr7RV14Un7dz6ASD0aZDmQPT/A+eZU+nuTNfjqmRrmkmQlnTNWH0SKmqagx9PeW87UVqapSurtAXifmtdmw==}

  chokidar@4.0.3:
    resolution: {integrity: sha512-Qgzu8kfBvo+cA4962jnP1KkS6Dop5NS6g7R5LFYJr4b8Ub94PPQXUksCw9PvXoeXPRRddRNC5C1JQUR2SMGtnA==}
    engines: {node: '>= 14.16.0'}

  client-only@0.0.1:
    resolution: {integrity: sha512-IV3Ou0jSMzZrd3pZ48nLkT9DA7Ag1pnPzaiQhpW7c3RbcqqzvzzVu+L8gfqMp/8IM2MQtSiqaCxrrcfu8I8rMA==}

  csstype@3.1.3:
    resolution: {integrity: sha512-M1uQkMl8rQK/szD0LNhtqxIPLpimGm8sOBwU7lLnCpSbTyY3yeU1Vc7l4KT5zT4s/yOxHH5O7tIuuLOCnLADRw==}

  date-fns@4.1.0:
    resolution: {integrity: sha512-Ukq0owbQXxa/U3EGtsdVBkR1w7KOQ5gIBqdH2hkvknzZPYvBxb/aa6E8L7tmjFtkwZBu3UXBbjIgPo/Ez4xaNg==}

  detect-libc@1.0.3:
    resolution: {integrity: sha512-pGjwhsmsp4kL2RTz08wcOlGN83otlqHeD/Z5T8GXZB+/YcpQ/dgo+lbU8ZsGxV0HIvqqxo9l7mqYwyYMD9bKDg==}
    engines: {node: '>=0.10'}
    hasBin: true

  detect-libc@2.1.0:
    resolution: {integrity: sha512-vEtk+OcP7VBRtQZ1EJ3bdgzSfBjgnEalLTp5zjJrS+2Z1w2KZly4SBdac/WDU3hhsNAZ9E8SC96ME4Ey8MZ7cg==}
    engines: {node: '>=8'}

  fill-range@7.1.1:
    resolution: {integrity: sha512-YsGpe3WHLK8ZYi4tWDg2Jy3ebRz2rXowDxnld4bkQB00cc/1Zw9AWnC0i9ztDJitivtQvaI9KaLyKrc+hBW0yg==}
    engines: {node: '>=8'}

  immutable@5.1.3:
    resolution: {integrity: sha512-+chQdDfvscSF1SJqv2gn4SRO2ZyS3xL3r7IW/wWEEzrzLisnOlKiQu5ytC/BVNcS15C39WT2Hg/bjKjDMcu+zg==}

  inter-ui@4.1.1:
    resolution: {integrity: sha512-451h0J29HyOmA+JXgSi/6M12tL7ZCZ8arYKZUXiOXTJpJbAKqJvFh3k5SiV3x7tKe0C0KyrKUUiQIvvZ2PQDcA==}
    engines: {node: '>=16.0.0'}

  is-extglob@2.1.1:
    resolution: {integrity: sha512-SbKbANkN603Vi4jEZv49LeVJMn4yGwsbzZworEoyEiutsN3nJYdbO36zfhGJ6QEDpOZIFkDtnq5JRxmvl3jsoQ==}
    engines: {node: '>=0.10.0'}

  is-glob@4.0.3:
    resolution: {integrity: sha512-xelSayHH36ZgE7ZWhli7pW34hNbNl8Ojv5KVmkJD4hBdD3th8Tfk9vYasLM+mXWOZhFkgZfxhLSnrwRr4elSSg==}
    engines: {node: '>=0.10.0'}

  is-number@7.0.0:
    resolution: {integrity: sha512-41Cifkg6e8TylSpdtTpeLVMqvSBEVzTttHvERD741+pnZ8ANv0004MRL43QKPDlK9cGvNp6NZWZUBlbGXYxxng==}
    engines: {node: '>=0.12.0'}

  jotai@2.14.0:
    resolution: {integrity: sha512-JQkNkTnqjk1BlSUjHfXi+pGG/573bVN104gp6CymhrWDseZGDReTNniWrLhJ+zXbM6pH+82+UNJ2vwYQUkQMWQ==}
    engines: {node: '>=12.20.0'}
    peerDependencies:
      '@babel/core': '>=7.0.0'
      '@babel/template': '>=7.0.0'
      '@types/react': '>=17.0.0'
      react: '>=17.0.0'
    peerDependenciesMeta:
      '@babel/core':
        optional: true
      '@babel/template':
        optional: true
      '@types/react':
        optional: true
      react:
        optional: true

  lodash@4.17.21:
    resolution: {integrity: sha512-v2kDEe57lecTulaDIuNTPy3Ry4gLGJ6Z1O3vE1krgXZNrsQ+LFTGHVxVjcXPs17LhbZVGedAJv8XZ1tvj5FvSg==}

  micromatch@4.0.8:
    resolution: {integrity: sha512-PXwfBhYu0hBCPw8Dn0E+WDYb7af3dSLVWKi3HGv84IdF4TyFoC0ysxFd0Goxw7nSv4T/PzEJQxsYsEiFCKo2BA==}
    engines: {node: '>=8.6'}

  nanoid@3.3.11:
    resolution: {integrity: sha512-N8SpfPUnUp1bK+PMYW8qSWdl9U+wwNWI4QKxOYDy9JAro3WMX7p2OeVRF9v+347pnakNevPmiHhNmZ2HbFA76w==}
    engines: {node: ^10 || ^12 || ^13.7 || ^14 || >=15.0.1}
    hasBin: true

  next-themes@0.4.6:
    resolution: {integrity: sha512-pZvgD5L0IEvX5/9GWyHMf3m8BKiVQwsCMHfoFosXtXBMnaS0ZnIJ9ST4b4NqLVKDEm8QBxoNNGNaBv2JNF6XNA==}
    peerDependencies:
      react: ^16.8 || ^17 || ^18 || ^19 || ^19.0.0-rc
      react-dom: ^16.8 || ^17 || ^18 || ^19 || ^19.0.0-rc

  next@15.5.3:
    resolution: {integrity: sha512-r/liNAx16SQj4D+XH/oI1dlpv9tdKJ6cONYPwwcCC46f2NjpaRWY+EKCzULfgQYV6YKXjHBchff2IZBSlZmJNw==}
    engines: {node: ^18.18.0 || ^19.8.0 || >= 20.0.0}
    hasBin: true
    peerDependencies:
      '@opentelemetry/api': ^1.1.0
      '@playwright/test': ^1.51.1
      babel-plugin-react-compiler: '*'
      react: ^18.2.0 || 19.0.0-rc-de68d2f4-20241204 || ^19.0.0
      react-dom: ^18.2.0 || 19.0.0-rc-de68d2f4-20241204 || ^19.0.0
      sass: ^1.3.0
    peerDependenciesMeta:
      '@opentelemetry/api':
        optional: true
      '@playwright/test':
        optional: true
      babel-plugin-react-compiler:
        optional: true
      sass:
        optional: true

  node-addon-api@7.1.1:
    resolution: {integrity: sha512-5m3bsyrjFWE1xf7nz7YXdN4udnVtXK6/Yfgn5qnahL6bCkf2yKt4k3nuTKAtT4r3IG8JNR2ncsIMdZuAzJjHQQ==}

  normalize.css@8.0.1:
    resolution: {integrity: sha512-qizSNPO93t1YUuUhP22btGOo3chcvDFqFaj2TRybP0DMxkHOCTYwp3n34fel4a31ORXy4m1Xq0Gyqpb5m33qIg==}

  picocolors@1.1.1:
    resolution: {integrity: sha512-xceH2snhtb5M9liqDsmEw56le376mTZkEX/jEb/RxNFyegNul7eNslCXP9FDj/Lcu0X8KEyMceP2ntpaHrDEVA==}

  picomatch@2.3.1:
    resolution: {integrity: sha512-JU3teHTNjmE2VCGFzuY8EXzCDVwEqB2a8fsIvwaStHhAWJEeVd1o1QD80CU6+ZdEXXSLbSsuLwJjkCBWqRQUVA==}
    engines: {node: '>=8.6'}

  postcss@8.4.31:
    resolution: {integrity: sha512-PS08Iboia9mts/2ygV3eLpY5ghnUcfLV/EXTOW1E2qYxJKGGBUtNjN76FYHnMs36RmARn41bC0AZmn+rR0OVpQ==}
    engines: {node: ^10 || ^12 || >=14}

  prettier@3.6.2:
    resolution: {integrity: sha512-I7AIg5boAr5R0FFtJ6rCfD+LFsWHp81dolrFD8S79U9tb8Az2nGrJncnMSnys+bpQJfRUzqs9hnA81OAA3hCuQ==}
    engines: {node: '>=14'}
    hasBin: true

  react-dom@19.1.1:
    resolution: {integrity: sha512-Dlq/5LAZgF0Gaz6yiqZCf6VCcZs1ghAJyrsu84Q/GT0gV+mCxbfmKNoGRKBYMJ8IEdGPqu49YWXD02GCknEDkw==}
    peerDependencies:
      react: ^19.1.1

  react@19.1.1:
    resolution: {integrity: sha512-w8nqGImo45dmMIfljjMwOGtbmC/mk4CMYhWIicdSflH91J9TyCyczcPFXJzrZ/ZXcgGRFeP6BU0BEJTw6tZdfQ==}
    engines: {node: '>=0.10.0'}

  readdirp@4.1.2:
    resolution: {integrity: sha512-GDhwkLfywWL2s6vEjyhri+eXmfH6j1L7JE27WhqLeYzoh/A3DBaYGEj2H/HFZCn/kMfim73FXxEJTw06WtxQwg==}
    engines: {node: '>= 14.18.0'}

  sass@1.93.0:
    resolution: {integrity: sha512-CQi5/AzCwiubU3dSqRDJ93RfOfg/hhpW1l6wCIvolmehfwgCI35R/0QDs1+R+Ygrl8jFawwwIojE2w47/mf94A==}
    engines: {node: '>=14.0.0'}
    hasBin: true

  scheduler@0.26.0:
    resolution: {integrity: sha512-NlHwttCI/l5gCPR3D1nNXtWABUmBwvZpEQiD4IXSbIDq8BzLIK/7Ir5gTFSGZDUu37K5cMNp0hFtzO38sC7gWA==}

  semver@7.7.2:
    resolution: {integrity: sha512-RF0Fw+rO5AMf9MAyaRXI4AV0Ulj5lMHqVxxdSgiVbixSCXoEmmX/jk0CuJw4+3SqroYO9VoUh+HcuJivvtJemA==}
    engines: {node: '>=10'}
    hasBin: true

  sharp@0.34.4:
    resolution: {integrity: sha512-FUH39xp3SBPnxWvd5iib1X8XY7J0K0X7d93sie9CJg2PO8/7gmg89Nve6OjItK53/MlAushNNxteBYfM6DEuoA==}
    engines: {node: ^18.17.0 || ^20.3.0 || >=21.0.0}

  simple-icons-font@15.15.0:
    resolution: {integrity: sha512-bvXqt/hutFjv5SDp7vwRQHkTNo+FWrgj0Ey6jydCzru6JMqMTBNAjjGUvnEB4j8/eHVAE9pOcOt9QwlMFBSEhg==}

  source-map-js@1.2.1:
    resolution: {integrity: sha512-UXWMKhLOwVKb728IUtQPXxfYU+usdybtUrK/8uGE8CQMvrhOpwvzDBwj0QhSL7MQc7vIsISBG8VQ8+IDQxpfQA==}
    engines: {node: '>=0.10.0'}

  styled-jsx@5.1.6:
    resolution: {integrity: sha512-qSVyDTeMotdvQYoHWLNGwRFJHC+i+ZvdBRYosOFgC+Wg1vx4frN2/RG/NA7SYqqvKNLf39P2LSRA2pu6n0XYZA==}
    engines: {node: '>= 12.0.0'}
    peerDependencies:
      '@babel/core': '*'
      babel-plugin-macros: '*'
      react: '>= 16.8.0 || 17.x.x || ^18.0.0-0 || ^19.0.0-0'
    peerDependenciesMeta:
      '@babel/core':
        optional: true
      babel-plugin-macros:
        optional: true

  to-regex-range@5.0.1:
    resolution: {integrity: sha512-65P7iz6X5yEr1cwcgvQxbbIw7Uk3gOy5dIdtZ4rDveLqhrdJP+Li/Hx6tyK0NEb+2GCyneCMJiGqrADCSNk8sQ==}
    engines: {node: '>=8.0'}

  tslib@2.8.1:
    resolution: {integrity: sha512-oJFu94HQb+KVduSUQL7wnpmqnfmLsOA/nAh6b6EH0wCEoK0/mPeXU6c3wKDV83MkOuHPRHtSXKKU99IBazS/2w==}

  typescript@5.9.2:
    resolution: {integrity: sha512-CWBzXQrc/qOkhidw1OzBTQuYRbfyxDXJMVJ1XNwUHGROVmuaeiEm3OslpZ1RV96d7SKKjZKrSJu3+t/xlw3R9A==}
    engines: {node: '>=14.17'}
    hasBin: true

  undici-types@7.12.0:
    resolution: {integrity: sha512-goOacqME2GYyOZZfb5Lgtu+1IDmAlAEu5xnD3+xTzS10hT0vzpf0SPjkXwAw9Jm+4n/mQGDP3LO8CPbYROeBfQ==}

  zod@4.1.11:
    resolution: {integrity: sha512-WPsqwxITS2tzx1bzhIKsEs19ABD5vmCVa4xBo2tq/SrV4RNZtfws1EnCWQXM6yh8bD08a1idvkB5MZSBiZsjwg==}

snapshots:

  '@date-fns/tz@1.4.1': {}

  '@emnapi/runtime@1.5.0':
    dependencies:
      tslib: 2.8.1
    optional: true

  '@img/colour@1.0.0':
    optional: true

  '@img/sharp-darwin-arm64@0.34.4':
    optionalDependencies:
      '@img/sharp-libvips-darwin-arm64': 1.2.3
    optional: true

  '@img/sharp-darwin-x64@0.34.4':
    optionalDependencies:
      '@img/sharp-libvips-darwin-x64': 1.2.3
    optional: true

  '@img/sharp-libvips-darwin-arm64@1.2.3':
    optional: true

  '@img/sharp-libvips-darwin-x64@1.2.3':
    optional: true

  '@img/sharp-libvips-linux-arm64@1.2.3':
    optional: true

  '@img/sharp-libvips-linux-arm@1.2.3':
    optional: true

  '@img/sharp-libvips-linux-ppc64@1.2.3':
    optional: true

  '@img/sharp-libvips-linux-s390x@1.2.3':
    optional: true

  '@img/sharp-libvips-linux-x64@1.2.3':
    optional: true

  '@img/sharp-libvips-linuxmusl-arm64@1.2.3':
    optional: true

  '@img/sharp-libvips-linuxmusl-x64@1.2.3':
    optional: true

  '@img/sharp-linux-arm64@0.34.4':
    optionalDependencies:
      '@img/sharp-libvips-linux-arm64': 1.2.3
    optional: true

  '@img/sharp-linux-arm@0.34.4':
    optionalDependencies:
      '@img/sharp-libvips-linux-arm': 1.2.3
    optional: true

  '@img/sharp-linux-ppc64@0.34.4':
    optionalDependencies:
      '@img/sharp-libvips-linux-ppc64': 1.2.3
    optional: true

  '@img/sharp-linux-s390x@0.34.4':
    optionalDependencies:
      '@img/sharp-libvips-linux-s390x': 1.2.3
    optional: true

  '@img/sharp-linux-x64@0.34.4':
    optionalDependencies:
      '@img/sharp-libvips-linux-x64': 1.2.3
    optional: true

  '@img/sharp-linuxmusl-arm64@0.34.4':
    optionalDependencies:
      '@img/sharp-libvips-linuxmusl-arm64': 1.2.3
    optional: true

  '@img/sharp-linuxmusl-x64@0.34.4':
    optionalDependencies:
      '@img/sharp-libvips-linuxmusl-x64': 1.2.3
    optional: true

  '@img/sharp-wasm32@0.34.4':
    dependencies:
      '@emnapi/runtime': 1.5.0
    optional: true

  '@img/sharp-win32-arm64@0.34.4':
    optional: true

  '@img/sharp-win32-ia32@0.34.4':
    optional: true

  '@img/sharp-win32-x64@0.34.4':
    optional: true

  '@next/env@15.5.3': {}

  '@next/swc-darwin-arm64@15.5.3':
    optional: true

  '@next/swc-darwin-x64@15.5.3':
    optional: true

  '@next/swc-linux-arm64-gnu@15.5.3':
    optional: true

  '@next/swc-linux-arm64-musl@15.5.3':
    optional: true

  '@next/swc-linux-x64-gnu@15.5.3':
    optional: true

  '@next/swc-linux-x64-musl@15.5.3':
    optional: true

  '@next/swc-win32-arm64-msvc@15.5.3':
    optional: true

  '@next/swc-win32-x64-msvc@15.5.3':
    optional: true

  '@openpanel/nextjs@1.0.8(next@15.5.3(react-dom@19.1.1(react@19.1.1))(react@19.1.1)(sass@1.93.0))(react-dom@19.1.1(react@19.1.1))(react@19.1.1)':
    dependencies:
      '@openpanel/web': 1.0.1
      next: 15.5.3(react-dom@19.1.1(react@19.1.1))(react@19.1.1)(sass@1.93.0)
      react: 19.1.1
      react-dom: 19.1.1(react@19.1.1)

  '@openpanel/sdk@1.0.0': {}

  '@openpanel/web@1.0.1':
    dependencies:
      '@openpanel/sdk': 1.0.0

  '@parcel/watcher-android-arm64@2.5.1':
    optional: true

  '@parcel/watcher-darwin-arm64@2.5.1':
    optional: true

  '@parcel/watcher-darwin-x64@2.5.1':
    optional: true

  '@parcel/watcher-freebsd-x64@2.5.1':
    optional: true

  '@parcel/watcher-linux-arm-glibc@2.5.1':
    optional: true

  '@parcel/watcher-linux-arm-musl@2.5.1':
    optional: true

  '@parcel/watcher-linux-arm64-glibc@2.5.1':
    optional: true

  '@parcel/watcher-linux-arm64-musl@2.5.1':
    optional: true

  '@parcel/watcher-linux-x64-glibc@2.5.1':
    optional: true

  '@parcel/watcher-linux-x64-musl@2.5.1':
    optional: true

  '@parcel/watcher-win32-arm64@2.5.1':
    optional: true

  '@parcel/watcher-win32-ia32@2.5.1':
    optional: true

  '@parcel/watcher-win32-x64@2.5.1':
    optional: true

  '@parcel/watcher@2.5.1':
    dependencies:
      detect-libc: 1.0.3
      is-glob: 4.0.3
      micromatch: 4.0.8
      node-addon-api: 7.1.1
    optionalDependencies:
      '@parcel/watcher-android-arm64': 2.5.1
      '@parcel/watcher-darwin-arm64': 2.5.1
      '@parcel/watcher-darwin-x64': 2.5.1
      '@parcel/watcher-freebsd-x64': 2.5.1
      '@parcel/watcher-linux-arm-glibc': 2.5.1
      '@parcel/watcher-linux-arm-musl': 2.5.1
      '@parcel/watcher-linux-arm64-glibc': 2.5.1
      '@parcel/watcher-linux-arm64-musl': 2.5.1
      '@parcel/watcher-linux-x64-glibc': 2.5.1
      '@parcel/watcher-linux-x64-musl': 2.5.1
      '@parcel/watcher-win32-arm64': 2.5.1
      '@parcel/watcher-win32-ia32': 2.5.1
      '@parcel/watcher-win32-x64': 2.5.1
    optional: true

  '@popperjs/core@2.11.8': {}

  '@swc/helpers@0.5.15':
    dependencies:
      tslib: 2.8.1

  '@types/lodash@4.17.20': {}

  '@types/node@24.5.2':
    dependencies:
      undici-types: 7.12.0

  '@types/react-dom@19.1.9(@types/react@19.1.13)':
    dependencies:
      '@types/react': 19.1.13

  '@types/react@19.1.13':
    dependencies:
      csstype: 3.1.3

  atropos@2.0.2: {}

  bootstrap@5.3.8(@popperjs/core@2.11.8):
    dependencies:
      '@popperjs/core': 2.11.8

  braces@3.0.3:
    dependencies:
      fill-range: 7.1.1
    optional: true

  caniuse-lite@1.0.30001743: {}

  chokidar@4.0.3:
    dependencies:
      readdirp: 4.1.2

  client-only@0.0.1: {}

  csstype@3.1.3: {}

  date-fns@4.1.0: {}

  detect-libc@1.0.3:
    optional: true

  detect-libc@2.1.0:
    optional: true

  fill-range@7.1.1:
    dependencies:
      to-regex-range: 5.0.1
    optional: true

  immutable@5.1.3: {}

  inter-ui@4.1.1: {}

  is-extglob@2.1.1:
    optional: true

  is-glob@4.0.3:
    dependencies:
      is-extglob: 2.1.1
    optional: true

  is-number@7.0.0:
    optional: true

  jotai@2.14.0(@types/react@19.1.13)(react@19.1.1):
    optionalDependencies:
      '@types/react': 19.1.13
      react: 19.1.1

  lodash@4.17.21: {}

  micromatch@4.0.8:
    dependencies:
      braces: 3.0.3
      picomatch: 2.3.1
    optional: true

  nanoid@3.3.11: {}

  next-themes@0.4.6(react-dom@19.1.1(react@19.1.1))(react@19.1.1):
    dependencies:
      react: 19.1.1
      react-dom: 19.1.1(react@19.1.1)

  next@15.5.3(react-dom@19.1.1(react@19.1.1))(react@19.1.1)(sass@1.93.0):
    dependencies:
      '@next/env': 15.5.3
      '@swc/helpers': 0.5.15
      caniuse-lite: 1.0.30001743
      postcss: 8.4.31
      react: 19.1.1
      react-dom: 19.1.1(react@19.1.1)
      styled-jsx: 5.1.6(react@19.1.1)
    optionalDependencies:
      '@next/swc-darwin-arm64': 15.5.3
      '@next/swc-darwin-x64': 15.5.3
      '@next/swc-linux-arm64-gnu': 15.5.3
      '@next/swc-linux-arm64-musl': 15.5.3
      '@next/swc-linux-x64-gnu': 15.5.3
      '@next/swc-linux-x64-musl': 15.5.3
      '@next/swc-win32-arm64-msvc': 15.5.3
      '@next/swc-win32-x64-msvc': 15.5.3
      sass: 1.93.0
      sharp: 0.34.4
    transitivePeerDependencies:
      - '@babel/core'
      - babel-plugin-macros

  node-addon-api@7.1.1:
    optional: true

  normalize.css@8.0.1: {}

  picocolors@1.1.1: {}

  picomatch@2.3.1:
    optional: true

  postcss@8.4.31:
    dependencies:
      nanoid: 3.3.11
      picocolors: 1.1.1
      source-map-js: 1.2.1

  prettier@3.6.2: {}

  react-dom@19.1.1(react@19.1.1):
    dependencies:
      react: 19.1.1
      scheduler: 0.26.0

  react@19.1.1: {}

  readdirp@4.1.2: {}

  sass@1.93.0:
    dependencies:
      chokidar: 4.0.3
      immutable: 5.1.3
      source-map-js: 1.2.1
    optionalDependencies:
      '@parcel/watcher': 2.5.1

  scheduler@0.26.0: {}

  semver@7.7.2:
    optional: true

  sharp@0.34.4:
    dependencies:
      '@img/colour': 1.0.0
      detect-libc: 2.1.0
      semver: 7.7.2
    optionalDependencies:
      '@img/sharp-darwin-arm64': 0.34.4
      '@img/sharp-darwin-x64': 0.34.4
      '@img/sharp-libvips-darwin-arm64': 1.2.3
      '@img/sharp-libvips-darwin-x64': 1.2.3
      '@img/sharp-libvips-linux-arm': 1.2.3
      '@img/sharp-libvips-linux-arm64': 1.2.3
      '@img/sharp-libvips-linux-ppc64': 1.2.3
      '@img/sharp-libvips-linux-s390x': 1.2.3
      '@img/sharp-libvips-linux-x64': 1.2.3
      '@img/sharp-libvips-linuxmusl-arm64': 1.2.3
      '@img/sharp-libvips-linuxmusl-x64': 1.2.3
      '@img/sharp-linux-arm': 0.34.4
      '@img/sharp-linux-arm64': 0.34.4
      '@img/sharp-linux-ppc64': 0.34.4
      '@img/sharp-linux-s390x': 0.34.4
      '@img/sharp-linux-x64': 0.34.4
      '@img/sharp-linuxmusl-arm64': 0.34.4
      '@img/sharp-linuxmusl-x64': 0.34.4
      '@img/sharp-wasm32': 0.34.4
      '@img/sharp-win32-arm64': 0.34.4
      '@img/sharp-win32-ia32': 0.34.4
      '@img/sharp-win32-x64': 0.34.4
    optional: true

  simple-icons-font@15.15.0: {}

  source-map-js@1.2.1: {}

  styled-jsx@5.1.6(react@19.1.1):
    dependencies:
      client-only: 0.0.1
      react: 19.1.1

  to-regex-range@5.0.1:
    dependencies:
      is-number: 7.0.0
    optional: true

  tslib@2.8.1: {}

  typescript@5.9.2: {}

  undici-types@7.12.0: {}

  zod@4.1.11: {}
